
Microsoft Visual Studio Solution File, Format Version 12.00
# Visual Studio Version 17
VisualStudioVersion = 17.14.36908.2
MinimumVisualStudioVersion = 10.0.40219.1
Project("{FAE04EC0-301F-11D3-BF4B-00C04F79EFBC}") = "Task01_WriteNRead", "Task_1\Task01_WriteNRead.csproj", "{F0BB8C90-B1DA-46CD-8CF5-F9DB2C16B694}"
EndProject
Project("{FAE04EC0-301F-11D3-BF4B-00C04F79EFBC}") = "Task02_Variables", "Task02_Variables\Task02_Variables.csproj", "{66F1D5B8-3A73-4DBA-BB89-BD6E01D287C6}"
EndProject
Project("{FAE04EC0-301F-11D3-BF4B-00C04F79EFBC}") = "LeetCode", "LeetCode\LeetCode.csproj", "{B0311BFD-ADFB-4120-8668-972CA4F69311}"
EndProject
Global
	GlobalSection(SolutionConfigurationPlatforms) = preSolution
		Debug|Any CPU = Debug|Any CPU
		Debug|x64 = Debug|x64
		Debug|x86 = Debug|x86
		Release|Any CPU = Release|Any CPU
		Release|x64 = Release|x64
		Release|x86 = Release|x86
	EndGlobalSection
	GlobalSection(ProjectConfigurationPlatforms) = postSolution
		{F0BB8C90-B1DA-46CD-8CF5-F9DB2C16B694}.Debug|Any CPU.ActiveCfg = Debug|Any CPU
		{F0BB8C90-B1DA-46CD-8CF5-F9DB2C16B694}.Debug|Any CPU.Build.0 = Debug|Any CPU
		{F0BB8C90-B1DA-46CD-8CF5-F9DB2C16B694}.Debug|x64.ActiveCfg = Debug|Any CPU
		{F0BB8C90-B1DA-46CD-8CF5-F9DB2C16B694}.Debug|x64.Build.0 = Debug|Any CPU
		{F0BB8C90-B1DA-46CD-8CF5-F9DB2C16B694}.Debug|x86.ActiveCfg = Debug|Any CPU
		{F0BB8C90-B1DA-46CD-8CF5-F9DB2C16B694}.Debug|x86.Build.0 = Debug|Any CPU
		{F0BB8C90-B1DA-46CD-8CF5-F9DB2C16B694}.Release|Any CPU.ActiveCfg = Release|Any CPU
		{F0BB8C90-B1DA-46CD-8CF5-F9DB2C16B694}.Release|Any CPU.Build.0 = Release|Any CPU
		{F0BB8C90-B1DA-46CD-8CF5-F9DB2C16B694}.Release|x64.ActiveCfg = Release|Any CPU
		{F0BB8C90-B1DA-46CD-8CF5-F9DB2C16B694}.Release|x64.Build.0 = Release|Any CPU
		{F0BB8C90-B1DA-46CD-8CF5-F9DB2C16B694}.Release|x86.ActiveCfg = Release|Any CPU
		{F0BB8C90-B1DA-46CD-8CF5-F9DB2C16B694}.Release|x86.Build.0 = Release|Any CPU
		{66F1D5B8-3A73-4DBA-BB89-BD6E01D287C6}.Debug|Any CPU.ActiveCfg = Debug|Any CPU
		{66F1D5B8-3A73-4DBA-BB89-BD6E01D287C6}.Debug|Any CPU.Build.0 = Debug|Any CPU
		{66F1D5B8-3A73-4DBA-BB89-BD6E01D287C6}.Debug|x64.ActiveCfg = Debug|Any CPU
		{66F1D5B8-3A73-4DBA-BB89-BD6E01D287C6}.Debug|x64.Build.0 = Debug|Any CPU
		{66F1D5B8-3A73-4DBA-BB89-BD6E01D287C6}.Debug|x86.ActiveCfg = Debug|Any CPU
		{66F1D5B8-3A73-4DBA-BB89-BD6E01D287C6}.Debug|x86.Build.0 = Debug|Any CPU
		{66F1D5B8-3A73-4DBA-BB89-BD6E01D287C6}.Release|Any CPU.ActiveCfg = Release|Any CPU
		{66F1D5B8-3A73-4DBA-BB89-BD6E01D287C6}.Release|Any CPU.Build.0 = Release|Any CPU
		{66F1D5B8-3A73-4DBA-BB89-BD6E01D287C6}.Release|x64.ActiveCfg = Release|Any CPU
		{66F1D5B8-3A73-4DBA-BB89-BD6E01D287C6}.Release|x64.Build.0 = Release|Any CPU
		{66F1D5B8-3A73-4DBA-BB89-BD6E01D287C6}.Release|x86.ActiveCfg = Release|Any CPU
		{66F1D5B8-3A73-4DBA-BB89-BD6E01D287C6}.Release|x86.Build.0 = Release|Any CPU
		{B0311BFD-ADFB-4120-8668-972CA4F69311}.Debug|Any CPU.ActiveCfg = Debug|Any CPU
		{B0311BFD-ADFB-4120-8668-972CA4F69311}.Debug|Any CPU.Build.0 = Debug|Any CPU
		{B0311BFD-ADFB-4120-8668-972CA4F69311}.Debug|x64.ActiveCfg = Debug|Any CPU
		{B0311BFD-ADFB-4120-8668-972CA4F69311}.Debug|x64.Build.0 = Debug|Any CPU
		{B0311BFD-ADFB-4120-8668-972CA4F69311}.Debug|x86.ActiveCfg = Debug|Any CPU
		{B0311BFD-ADFB-4120-8668-972CA4F69311}.Debug|x86.Build.0 = Debug|Any CPU
		{B0311BFD-ADFB-4120-8668-972CA4F69311}.Release|Any CPU.ActiveCfg = Release|Any CPU
		{B0311BFD-ADFB-4120-8668-972CA4F69311}.Release|Any CPU.Build.0 = Release|Any CPU
		{B0311BFD-ADFB-4120-8668-972CA4F69311}.Release|x64.ActiveCfg = Release|Any CPU
		{B0311BFD-ADFB-4120-8668-972CA4F69311}.Release|x64.Build.0 = Release|Any CPU
		{B0311BFD-ADFB-4120-8668-972CA4F69311}.Release|x86.ActiveCfg = Release|Any CPU
		{B0311BFD-ADFB-4120-8668-972CA4F69311}.Release|x86.Build.0 = Release|Any CPU
	EndGlobalSection
	GlobalSection(SolutionProperties) = preSolution
		HideSolutionNode = FALSE
	EndGlobalSection
	GlobalSection(ExtensibilityGlobals) = postSolution
		SolutionGuid = {3F768B1F-E31C-4C03-A1C6-2F23AFD91C6A}
	EndGlobalSection
EndGlobal
